// !$*UTF8*$!
{
	archiveVersion = 1;
	classes = {
	};
	objectVersion = 56;
	objects = {

/* Begin PBXBuildFile section */
		8C8DFE9828DF74AD004D8136 /* AppDelegate.swift in Sources */ = {isa = PBXBuildFile; fileRef = 8C8DFE9728DF74AD004D8136 /* AppDelegate.swift */; };
		8C8DFE9A28DF74AD004D8136 /* SceneDelegate.swift in Sources */ = {isa = PBXBuildFile; fileRef = 8C8DFE9928DF74AD004D8136 /* SceneDelegate.swift */; };
		8C8DFE9C28DF74AD004D8136 /* ViewController.swift in Sources */ = {isa = PBXBuildFile; fileRef = 8C8DFE9B28DF74AD004D8136 /* ViewController.swift */; };
		8C8DFE9F28DF74AD004D8136 /* Main.storyboard in Resources */ = {isa = PBXBuildFile; fileRef = 8C8DFE9D28DF74AD004D8136 /* Main.storyboard */; };
		8C8DFEA228DF74AD004D8136 /* onetooneCD.xcdatamodeld in Sources */ = {isa = PBXBuildFile; fileRef = 8C8DFEA028DF74AD004D8136 /* onetooneCD.xcdatamodeld */; };
		8C8DFEA428DF74AF004D8136 /* Assets.xcassets in Resources */ = {isa = PBXBuildFile; fileRef = 8C8DFEA328DF74AF004D8136 /* Assets.xcassets */; };
		8C8DFEA728DF74AF004D8136 /* LaunchScreen.storyboard in Resources */ = {isa = PBXBuildFile; fileRef = 8C8DFEA528DF74AF004D8136 /* LaunchScreen.storyboard */; };
/* End PBXBuildFile section */

/* Begin PBXFileReference section */
		8C8DFE9428DF74AD004D8136 /* onetooneCD.app */ = {isa = PBXFileReference; explicitFileType = wrapper.application; includeInIndex = 0; path = onetooneCD.app; sourceTree = BUILT_PRODUCTS_DIR; };
		8C8DFE9728DF74AD004D8136 /* AppDelegate.swift */ = {isa = PBXFileReference; lastKnownFileType = sourcecode.swift; path = AppDelegate.swift; sourceTree = "<group>"; };
		8C8DFE9928DF74AD004D8136 /* SceneDelegate.swift */ = {isa = PBXFileReference; lastKnownFileType = sourcecode.swift; path = SceneDelegate.swift; sourceTree = "<group>"; };
		8C8DFE9B28DF74AD004D8136 /* ViewController.swift */ = {isa = PBXFileReference; lastKnownFileType = sourcecode.swift; path = ViewController.swift; sourceTree = "<group>"; };
		8C8DFE9E28DF74AD004D8136 /* Base */ = {isa = PBXFileReference; lastKnownFileType = file.storyboard; name = Base; path = Base.lproj/Main.storyboard; sourceTree = "<group>"; };
		8C8DFEA128DF74AD004D8136 /* onetooneCD.xcdatamodel */ = {isa = PBXFileReference; lastKnownFileType = wrapper.xcdatamodel; path = onetooneCD.xcdatamodel; sourceTree = "<group>"; };
		8C8DFEA328DF74AF004D8136 /* Assets.xcassets */ = {isa = PBXFileReference; lastKnownFileType = folder.assetcatalog; path = Assets.xcassets; sourceTree = "<group>"; };
		8C8DFEA628DF74AF004D8136 /* Base */ = {isa = PBXFileReference; lastKnownFileType = file.storyboard; name = Base; path = Base.lproj/LaunchScreen.storyboard; sourceTree = "<group>"; };
		8C8DFEA828DF74AF004D8136 /* Info.plist */ = {isa = PBXFileReference; lastKnownFileType = text.plist.xml; path = Info.plist; sourceTree = "<group>"; };
/* End PBXFileReference section */

/* Begin PBXFrameworksBuildPhase section */
		8C8DFE9128DF74AD004D8136 /* Frameworks */ = {
			isa = PBXFrameworksBuildPhase;
			buildActionMask = 2147483647;
			files = (
			);
			runOnlyForDeploymentPostprocessing = 0;
		};
/* End PBXFrameworksBuildPhase section */

/* Begin PBXGroup section */
		8C8DFE8B28DF74AD004D8136 = {
			isa = PBXGroup;
			children = (
				8C8DFE9628DF74AD004D8136 /* onetooneCD */,
				8C8DFE9528DF74AD004D8136 /* Products */,
			);
			sourceTree = "<group>";
		};
		8C8DFE9528DF74AD004D8136 /* Products */ = {
			isa = PBXGroup;
			children = (
				8C8DFE9428DF74AD004D8136 /* onetooneCD.app */,
			);
			name = Products;
			sourceTree = "<group>";
		};
		8C8DFE9628DF74AD004D8136 /* onetooneCD */ = {
			isa = PBXGroup;
			children = (
				8C8DFE9728DF74AD004D8136 /* AppDelegate.swift */,
				8C8DFE9928DF74AD004D8136 /* SceneDelegate.swift */,
				8C8DFE9B28DF74AD004D8136 /* ViewController.swift */,
				8C8DFE9D28DF74AD004D8136 /* Main.storyboard */,
				8C8DFEA328DF74AF004D8136 /* Assets.xcassets */,
				8C8DFEA528DF74AF004D8136 /* LaunchScreen.storyboard */,
				8C8DFEA828DF74AF004D8136 /* Info.plist */,
				8C8DFEA028DF74AD004D8136 /* onetooneCD.xcdatamodeld */,
			);
			path = onetooneCD;
			sourceTree = "<group>";
		};
/* End PBXGroup section */

/* Begin PBXNativeTarget section */
		8C8DFE9328DF74AD004D8136 /* onetooneCD */ = {
			isa = PBXNativeTarget;
			buildConfigurationList = 8C8DFEAB28DF74AF004D8136 /* Build configuration list for PBXNativeTarget "onetooneCD" */;
			buildPhases = (
				8C8DFE9028DF74AD004D8136 /* Sources */,
				8C8DFE9128DF74AD004D8136 /* Frameworks */,
				8C8DFE9228DF74AD004D8136 /* Resources */,
			);
			buildRules = (
			);
			dependencies = (
			);
			name = onetooneCD;
			productName = onetooneCD;
			productReference = 8C8DFE9428DF74AD004D8136 /* onetooneCD.app */;
			productType = "com.apple.product-type.application";
		};
/* End PBXNativeTarget section */

/* Begin PBXProject section */
		8C8DFE8C28DF74AD004D8136 /* Project object */ = {
			isa = PBXProject;
			attributes = {
				BuildIndependentTargetsInParallel = 1;
				LastSwiftUpdateCheck = 1400;
				LastUpgradeCheck = 1400;
				TargetAttributes = {
					8C8DFE9328DF74AD004D8136 = {
						CreatedOnToolsVersion = 14.0;
					};
				};
			};
			buildConfigurationList = 8C8DFE8F28DF74AD004D8136 /* Build configuration list for PBXProject "onetooneCD" */;
			compatibilityVersion = "Xcode 14.0";
			developmentRegion = en;
			hasScannedForEncodings = 0;
			knownRegions = (
				en,
				Base,
			);
			mainGroup = 8C8DFE8B28DF74AD004D8136;
			productRefGroup = 8C8DFE9528DF74AD004D8136 /* Products */;
			projectDirPath = "";
			projectRoot = "";
			targets = (
				8C8DFE9328DF74AD004D8136 /* onetooneCD */,
			);
		};
/* End PBXProject section */

/* Begin PBXResourcesBuildPhase section */
		8C8DFE9228DF74AD004D8136 /* Resources */ = {
			isa = PBXResourcesBuildPhase;
			buildActionMask = 2147483647;
			files = (
				8C8DFEA728DF74AF004D8136 /* LaunchScreen.storyboard in Resources */,
				8C8DFEA428DF74AF004D8136 /* Assets.xcassets in Resources */,
				8C8DFE9F28DF74AD004D8136 /* Main.storyboard in Resources */,
			);
			runOnlyForDeploymentPostprocessing = 0;
		};
/* End PBXResourcesBuildPhase section */

/* Begin PBXSourcesBuildPhase section */
		8C8DFE9028DF74AD004D8136 /* Sources */ = {
			isa = PBXSourcesBuildPhase;
			buildActionMask = 2147483647;
			files = (
				8C8DFE9C28DF74AD004D8136 /* ViewController.swift in Sources */,
				8C8DFEA228DF74AD004D8136 /* onetooneCD.xcdatamodeld in Sources */,
				8C8DFE9828DF74AD004D8136 /* AppDelegate.swift in Sources */,
				8C8DFE9A28DF74AD004D8136 /* SceneDelegate.swift in Sources */,
			);
			runOnlyForDeploymentPostprocessing = 0;
		};
/* End PBXSourcesBuildPhase section */

/* Begin PBXVariantGroup section */
		8C8DFE9D28DF74AD004D8136 /* Main.storyboard */ = {
			isa = PBXVariantGroup;
			children = (
				8C8DFE9E28DF74AD004D8136 /* Base */,
			);
			name = Main.storyboard;
			sourceTree = "<group>";
		};
		8C8DFEA528DF74AF004D8136 /* LaunchScreen.storyboard */ = {
			isa = PBXVariantGroup;
			children = (
				8C8DFEA628DF74AF004D8136 /* Base */,
			);
			name = LaunchScreen.storyboard;
			sourceTree = "<group>";
		};
/* End PBXVariantGroup section */

/* Begin XCBuildConfiguration section */
		8C8DFEA928DF74AF004D8136 /* Debug */ = {
			isa = XCBuildConfiguration;
			buildSettings = {
				ALWAYS_SEARCH_USER_PATHS = NO;
				CLANG_ANALYZER_NONNULL = YES;
				CLANG_ANALYZER_NUMBER_OBJECT_CONVERSION = YES_AGGRESSIVE;
				CLANG_CXX_LANGUAGE_STANDARD = "gnu++20";
				CLANG_ENABLE_MODULES = YES;
				CLANG_ENABLE_OBJC_ARC = YES;
				CLANG_ENABLE_OBJC_WEAK = YES;
				CLANG_WARN_BLOCK_CAPTURE_AUTORELEASING = YES;
				CLANG_WARN_BOOL_CONVERSION = YES;
				CLANG_WARN_COMMA = YES;
				CLANG_WARN_CONSTANT_CONVERSION = YES;
				CLANG_WARN_DEPRECATED_OBJC_IMPLEMENTATIONS = YES;
				CLANG_WARN_DIRECT_OBJC_ISA_USAGE = YES_ERROR;
				CLANG_WARN_DOCUMENTATION_COMMENTS = YES;
				CLANG_WARN_EMPTY_BODY = YES;
				CLANG_WARN_ENUM_CONVERSION = YES;
				CLANG_WARN_INFINITE_RECURSION = YES;
				CLANG_WARN_INT_CONVERSION = YES;
				CLANG_WARN_NON_LITERAL_NULL_CONVERSION = YES;
				CLANG_WARN_OBJC_IMPLICIT_RETAIN_SELF = YES;
				CLANG_WARN_OBJC_LITERAL_CONVERSION = YES;
				CLANG_WARN_OBJC_ROOT_CLASS = YES_ERROR;
				CLANG_WARN_QUOTED_INCLUDE_IN_FRAMEWORK_HEADER = YES;
				CLANG_WARN_RANGE_LOOP_ANALYSIS = YES;
				CLANG_WARN_STRICT_PROTOTYPES = YES;
				CLANG_WARN_SUSPICIOUS_MOVE = YES;
				CLANG_WARN_UNGUARDED_AVAILABILITY = YES_AGGRESSIVE;
				CLANG_WARN_UNREACHABLE_CODE = YES;
				CLANG_WARN__DUPLICATE_METHOD_MATCH = YES;
				COPY_PHASE_STRIP = NO;
				DEBUG_INFORMATION_FORMAT = dwarf;
				ENABLE_STRICT_OBJC_MSGSEND = YES;
				ENABLE_TESTABILITY = YES;
				GCC_C_LANGUAGE_STANDARD = gnu11;
				GCC_DYNAMIC_NO_PIC = NO;
				GCC_NO_COMMON_BLOCKS = YES;
				GCC_OPTIMIZATION_LEVEL = 0;
				GCC_PREPROCESSOR_DEFINITIONS = (
					"DEBUG=1",
					"$(inherited)",
				);
				GCC_WARN_64_TO_32_BIT_CONVERSION = YES;
				GCC_WARN_ABOUT_RETURN_TYPE = YES_ERROR;
				GCC_WARN_UNDECLARED_SELECTOR = YES;
				GCC_WARN_UNINITIALIZED_AUTOS = YES_AGGRESSIVE;
				GCC_WARN_UNUSED_FUNCTION = YES;
				GCC_WARN_UNUSED_VARIABLE = YES;
				IPHONEOS_DEPLOYMENT_TARGET = 16.0;
				MTL_ENABLE_DEBUG_INFO = INCLUDE_SOURCE;
				MTL_FAST_MATH = YES;
				ONLY_ACTIVE_ARCH = YES;
				SDKROOT = iphoneos;
				SWIFT_ACTIVE_COMPILATION_CONDITIONS = DEBUG;
				SWIFT_OPTIMIZATION_LEVEL = "-Onone";
			};
			name = Debug;
		};
		8C8DFEAA28DF74AF004D8136 /* Release */ = {
			isa = XCBuildConfiguration;
			buildSettings = {
				ALWAYS_SEARCH_USER_PATHS = NO;
				CLANG_ANALYZER_NONNULL = YES;
				CLANG_ANALYZER_NUMBER_OBJECT_CONVERSION = YES_AGGRESSIVE;
				CLANG_CXX_LANGUAGE_STANDARD = "gnu++20";
				CLANG_ENABLE_MODULES = YES;
				CLANG_ENABLE_OBJC_ARC = YES;
				CLANG_ENABLE_OBJC_WEAK = YES;
				CLANG_WARN_BLOCK_CAPTURE_AUTORELEASING = YES;
				CLANG_WARN_BOOL_CONVERSION = YES;
				CLANG_WARN_COMMA = YES;
				CLANG_WARN_CONSTANT_CONVERSION = YES;
				CLANG_WARN_DEPRECATED_OBJC_IMPLEMENTATIONS = YES;
				CLANG_WARN_DIRECT_OBJC_ISA_USAGE = YES_ERROR;
				CLANG_WARN_DOCUMENTATION_COMMENTS = YES;
				CLANG_WARN_EMPTY_BODY = YES;
				CLANG_WARN_ENUM_CONVERSION = YES;
				CLANG_WARN_INFINITE_RECURSION = YES;
				CLANG_WARN_INT_CONVERSION = YES;
				CLANG_WARN_NON_LITERAL_NULL_CONVERSION = YES;
				CLANG_WARN_OBJC_IMPLICIT_RETAIN_SELF = YES;
				CLANG_WARN_OBJC_LITERAL_CONVERSION = YES;
				CLANG_WARN_OBJC_ROOT_CLASS = YES_ERROR;
				CLANG_WARN_QUOTED_INCLUDE_IN_FRAMEWORK_HEADER = YES;
				CLANG_WARN_RANGE_LOOP_ANALYSIS = YES;
				CLANG_WARN_STRICT_PROTOTYPES = YES;
				CLANG_WARN_SUSPICIOUS_MOVE = YES;
				CLANG_WARN_UNGUARDED_AVAILABILITY = YES_AGGRESSIVE;
				CLANG_WARN_UNREACHABLE_CODE = YES;
				CLANG_WARN__DUPLICATE_METHOD_MATCH = YES;
				COPY_PHASE_STRIP = NO;
				DEBUG_INFORMATION_FORMAT = "dwarf-with-dsym";
				ENABLE_NS_ASSERTIONS = NO;
				ENABLE_STRICT_OBJC_MSGSEND = YES;
				GCC_C_LANGUAGE_STANDARD = gnu11;
				GCC_NO_COMMON_BLOCKS = YES;
				GCC_WARN_64_TO_32_BIT_CONVERSION = YES;
				GCC_WARN_ABOUT_RETURN_TYPE = YES_ERROR;
				GCC_WARN_UNDECLARED_SELECTOR = YES;
				GCC_WARN_UNINITIALIZED_AUTOS = YES_AGGRESSIVE;
				GCC_WARN_UNUSED_FUNCTION = YES;
				GCC_WARN_UNUSED_VARIABLE = YES;
				IPHONEOS_DEPLOYMENT_TARGET = 16.0;
				MTL_ENABLE_DEBUG_INFO = NO;
				MTL_FAST_MATH = YES;
				SDKROOT = iphoneos;
				SWIFT_COMPILATION_MODE = wholemodule;
				SWIFT_OPTIMIZATION_LEVEL = "-O";
				VALIDATE_PRODUCT = YES;
			};
			name = Release;
		};
		8C8DFEAC28DF74AF004D8136 /* Debug */ = {
			isa = XCBuildConfiguration;
			buildSettings = {
				ASSETCATALOG_COMPILER_APPICON_NAME = AppIcon;
				ASSETCATALOG_COMPILER_GLOBAL_ACCENT_COLOR_NAME = AccentColor;
				CODE_SIGN_STYLE = Automatic;
				CURRENT_PROJECT_VERSION = 1;
				DEVELOPMENT_TEAM = CRPB5AHSY2;
				GENERATE_INFOPLIST_FILE = YES;
				INFOPLIST_FILE = onetooneCD/Info.plist;
				INFOPLIST_KEY_UIApplicationSupportsIndirectInputEvents = YES;
				INFOPLIST_KEY_UILaunchStoryboardName = LaunchScreen;
				INFOPLIST_KEY_UIMainStoryboardFile = Main;
				INFOPLIST_KEY_UISupportedInterfaceOrientations_iPad = "UIInterfaceOrientationPortrait UIInterfaceOrientationPortraitUpsideDown UIInterfaceOrientationLandscapeLeft UIInterfaceOrientationLandscapeRight";
				INFOPLIST_KEY_UISupportedInterfaceOrientations_iPhone = "UIInterfaceOrientationPortrait UIInterfaceOrientationLandscapeLeft UIInterfaceOrientationLandscapeRight";
				LD_RUNPATH_SEARCH_PATHS = (
					"$(inherited)",
					"@executable_path/Frameworks",
				);
				MARKETING_VERSION = 1.0;
				PRODUCT_BUNDLE_IDENTIFIER = NateW.onetooneCD;
				PRODUCT_NAME = "$(TARGET_NAME)";
				SWIFT_EMIT_LOC_STRINGS = YES;
				SWIFT_VERSION = 5.0;
				TARGETED_DEVICE_FAMILY = "1,2";
			};
			name = Debug;
		};
		8C8DFEAD28DF74AF004D8136 /* Release */ = {
			isa = XCBuildConfiguration;
			buildSettings = {
				ASSETCATALOG_COMPILER_APPICON_NAME = AppIcon;
				ASSETCATALOG_COMPILER_GLOBAL_ACCENT_COLOR_NAME = AccentColor;
				CODE_SIGN_STYLE = Automatic;
				CURRENT_PROJECT_VERSION = 1;
				DEVELOPMENT_TEAM = CRPB5AHSY2;
				GENERATE_INFOPLIST_FILE = YES;
				INFOPLIST_FILE = onetooneCD/Info.plist;
				INFOPLIST_KEY_UIApplicationSupportsIndirectInputEvents = YES;
				INFOPLIST_KEY_UILaunchStoryboardName = LaunchScreen;
				INFOPLIST_KEY_UIMainStoryboardFile = Main;
				INFOPLIST_KEY_UISupportedInterfaceOrientations_iPad = "UIInterfaceOrientationPortrait UIInterfaceOrientationPortraitUpsideDown UIInterfaceOrientationLandscapeLeft UIInterfaceOrientationLandscapeRight";
				INFOPLIST_KEY_UISupportedInterfaceOrientations_iPhone = "UIInterfaceOrientationPortrait UIInterfaceOrientationLandscapeLeft UIInterfaceOrientationLandscapeRight";
				LD_RUNPATH_SEARCH_PATHS = (
					"$(inherited)",
					"@executable_path/Frameworks",
				);
				MARKETING_VERSION = 1.0;
				PRODUCT_BUNDLE_IDENTIFIER = NateW.onetooneCD;
				PRODUCT_NAME = "$(TARGET_NAME)";
				SWIFT_EMIT_LOC_STRINGS = YES;
				SWIFT_VERSION = 5.0;
				TARGETED_DEVICE_FAMILY = "1,2";
			};
			name = Release;
		};
/* End XCBuildConfiguration section */

/* Begin XCConfigurationList section */
		8C8DFE8F28DF74AD004D8136 /* Build configuration list for PBXProject "onetooneCD" */ = {
			isa = XCConfigurationList;
			buildConfigurations = (
				8C8DFEA928DF74AF004D8136 /* Debug */,
				8C8DFEAA28DF74AF004D8136 /* Release */,
			);
			defaultConfigurationIsVisible = 0;
			defaultConfigurationName = Release;
		};
		8C8DFEAB28DF74AF004D8136 /* Build configuration list for PBXNativeTarget "onetooneCD" */ = {
			isa = XCConfigurationList;
			buildConfigurations = (
				8C8DFEAC28DF74AF004D8136 /* Debug */,
				8C8DFEAD28DF74AF004D8136 /* Release */,
			);
			defaultConfigurationIsVisible = 0;
			defaultConfigurationName = Release;
		};
/* End XCConfigurationList section */

/* Begin XCVersionGroup section */
		8C8DFEA028DF74AD004D8136 /* onetooneCD.xcdatamodeld */ = {
			isa = XCVersionGroup;
			children = (
				8C8DFEA128DF74AD004D8136 /* onetooneCD.xcdatamodel */,
			);
			currentVersion = 8C8DFEA128DF74AD004D8136 /* onetooneCD.xcdatamodel */;
			path = onetooneCD.xcdatamodeld;
			sourceTree = "<group>";
			versionGroupType = wrapper.xcdatamodel;
		};
/* End XCVersionGroup section */
	};
	rootObject = 8C8DFE8C28DF74AD004D8136 /* Project object */;
}
